# THIS IS AN AUTOGENERATED FILE. DO NOT EDIT THIS FILE DIRECTLY.
# yarn lockfile v1


"@tanstack/query-core@5.60.5":
  version "5.60.5"
  resolved "https://registry.yarnpkg.com/@tanstack/query-core/-/query-core-5.60.5.tgz#37b7c5ab7e6894cea9ef341299a7a3febc2ea361"
  integrity sha512-jiS1aC3XI3BJp83ZiTuDLerTmn9P3U95r6p+6/SNauLJaYxfIC4dMuWygwnBHIZxjn2zJqEpj3nysmPieoxfPQ==

"@tanstack/react-query@^5.60.5":
  version "5.60.5"
  resolved "https://registry.yarnpkg.com/@tanstack/react-query/-/react-query-5.60.5.tgz#3194c390f7eff20542b321c3042880dc3f1a81e2"
  integrity sha512-M77bOsPwj1wYE56gk7iJvxGAr4IC12NWdIDhT+Eo8ldkWRHMvIR8I/rufIvT1OXoV/bl7EECwuRuMlxxWtvW2Q==
  dependencies:
    "@tanstack/query-core" "5.60.5"
